
Microsoft Visual Studio Solution File, Format Version 12.00
# Visual Studio Version 17
VisualStudioVersion = 17.2.32505.173
MinimumVisualStudioVersion = 10.0.40219.1
Project("{FAE04EC0-301F-11D3-BF4B-00C04F79EFBC}") = "User API", "User API.csproj", "{72DACE65-67E3-4F3A-A147-520FF0A20382}"
EndProject
Global
	GlobalSection(SolutionConfigurationPlatforms) = preSolution
		Debug|Any CPU = Debug|Any CPU
		Release|Any CPU = Release|Any CPU
	EndGlobalSection
	GlobalSection(ProjectConfigurationPlatforms) = postSolution
		{72DACE65-67E3-4F3A-A147-520FF0A20382}.Debug|Any CPU.ActiveCfg = Debug|Any CPU
		{72DACE65-67E3-4F3A-A147-520FF0A20382}.Debug|Any CPU.Build.0 = Debug|Any CPU
		{72DACE65-67E3-4F3A-A147-520FF0A20382}.Release|Any CPU.ActiveCfg = Release|Any CPU
		{72DACE65-67E3-4F3A-A147-520FF0A20382}.Release|Any CPU.Build.0 = Release|Any CPU
	EndGlobalSection
	GlobalSection(SolutionProperties) = preSolution
		HideSolutionNode = FALSE
	EndGlobalSection
	GlobalSection(ExtensibilityGlobals) = postSolution
		SolutionGuid = {D5FFDECF-D6E1-4747-B016-AC6B3176B2D0}
	EndGlobalSection
EndGlobal
